
Microsoft Visual Studio Solution File, Format Version 12.00
# Visual Studio Version 16
VisualStudioVersion = 16.0.30011.22
MinimumVisualStudioVersion = 10.0.40219.1
Project("{FAE04EC0-301F-11D3-BF4B-00C04F79EFBC}") = "BlazorRctr", "BlazorRctr.csproj", "{E2D75EAC-9035-4E98-BB95-CF119E502E12}"
EndProject
Global
	GlobalSection(SolutionConfigurationPlatforms) = preSolution
		Debug|Any CPU = Debug|Any CPU
		Release|Any CPU = Release|Any CPU
	EndGlobalSection
	GlobalSection(ProjectConfigurationPlatforms) = postSolution
		{E2D75EAC-9035-4E98-BB95-CF119E502E12}.Debug|Any CPU.ActiveCfg = Debug|Any CPU
		{E2D75EAC-9035-4E98-BB95-CF119E502E12}.Debug|Any CPU.Build.0 = Debug|Any CPU
		{E2D75EAC-9035-4E98-BB95-CF119E502E12}.Release|Any CPU.ActiveCfg = Release|Any CPU
		{E2D75EAC-9035-4E98-BB95-CF119E502E12}.Release|Any CPU.Build.0 = Release|Any CPU
	EndGlobalSection
	GlobalSection(SolutionProperties) = preSolution
		HideSolutionNode = FALSE
	EndGlobalSection
	GlobalSection(ExtensibilityGlobals) = postSolution
		SolutionGuid = {7B376892-41ED-4FC4-8125-5B3E13773A1A}
	EndGlobalSection
EndGlobal
